
Microsoft Visual Studio Solution File, Format Version 12.00
# Visual Studio Version 17
VisualStudioVersion = 17.11.35312.102
MinimumVisualStudioVersion = 10.0.40219.1
Project("{2150E333-8FDC-42A3-9474-1A3956D46DE8}") = "src", "src", "{3FB07223-9825-4707-82FB-C33538A500C8}"
EndProject
Project("{2150E333-8FDC-42A3-9474-1A3956D46DE8}") = "Api", "Api", "{5C17F994-6199-4A61-9F83-68B59D7B0068}"
EndProject
Project("{2150E333-8FDC-42A3-9474-1A3956D46DE8}") = "Core", "Core", "{8ED23B67-769E-44A8-A79A-AF0E54749F0B}"
EndProject
Project("{9A19103F-16F7-4668-BE54-9A1E7A4F7556}") = "Domain", "Domain\Domain.csproj", "{882220ED-CF3A-4E4A-9128-A9BB25676339}"
EndProject
Project("{9A19103F-16F7-4668-BE54-9A1E7A4F7556}") = "Application", "Application\Application.csproj", "{3FDF1708-F598-4624-A261-A92C777BD624}"
EndProject
Project("{9A19103F-16F7-4668-BE54-9A1E7A4F7556}") = "Persistence", "Persistence\Persistence.csproj", "{92F32915-2169-47E7-853D-6340CF17154E}"
EndProject
Project("{2150E333-8FDC-42A3-9474-1A3956D46DE8}") = "UI", "UI", "{374E54AE-C808-4734-849E-9A2DF8C7020D}"
EndProject
Project("{9A19103F-16F7-4668-BE54-9A1E7A4F7556}") = "EMS.API", "EMS.Api\EMS.API.csproj", "{F5CBA957-6307-4387-AD06-E51A5CAB5A30}"
EndProject
Project("{FAE04EC0-301F-11D3-BF4B-00C04F79EFBC}") = "EMS.Web", "EMS.Web\EMS.Web.csproj", "{DAEFA675-EEBD-46D2-9CE0-7E07EC4D9B71}"
EndProject
Global
	GlobalSection(SolutionConfigurationPlatforms) = preSolution
		Debug|Any CPU = Debug|Any CPU
		Release|Any CPU = Release|Any CPU
	EndGlobalSection
	GlobalSection(ProjectConfigurationPlatforms) = postSolution
		{882220ED-CF3A-4E4A-9128-A9BB25676339}.Debug|Any CPU.ActiveCfg = Debug|Any CPU
		{882220ED-CF3A-4E4A-9128-A9BB25676339}.Debug|Any CPU.Build.0 = Debug|Any CPU
		{882220ED-CF3A-4E4A-9128-A9BB25676339}.Release|Any CPU.ActiveCfg = Release|Any CPU
		{882220ED-CF3A-4E4A-9128-A9BB25676339}.Release|Any CPU.Build.0 = Release|Any CPU
		{3FDF1708-F598-4624-A261-A92C777BD624}.Debug|Any CPU.ActiveCfg = Debug|Any CPU
		{3FDF1708-F598-4624-A261-A92C777BD624}.Debug|Any CPU.Build.0 = Debug|Any CPU
		{3FDF1708-F598-4624-A261-A92C777BD624}.Release|Any CPU.ActiveCfg = Release|Any CPU
		{3FDF1708-F598-4624-A261-A92C777BD624}.Release|Any CPU.Build.0 = Release|Any CPU
		{92F32915-2169-47E7-853D-6340CF17154E}.Debug|Any CPU.ActiveCfg = Debug|Any CPU
		{92F32915-2169-47E7-853D-6340CF17154E}.Debug|Any CPU.Build.0 = Debug|Any CPU
		{92F32915-2169-47E7-853D-6340CF17154E}.Release|Any CPU.ActiveCfg = Release|Any CPU
		{92F32915-2169-47E7-853D-6340CF17154E}.Release|Any CPU.Build.0 = Release|Any CPU
		{F5CBA957-6307-4387-AD06-E51A5CAB5A30}.Debug|Any CPU.ActiveCfg = Debug|Any CPU
		{F5CBA957-6307-4387-AD06-E51A5CAB5A30}.Debug|Any CPU.Build.0 = Debug|Any CPU
		{F5CBA957-6307-4387-AD06-E51A5CAB5A30}.Release|Any CPU.ActiveCfg = Release|Any CPU
		{F5CBA957-6307-4387-AD06-E51A5CAB5A30}.Release|Any CPU.Build.0 = Release|Any CPU
		{DAEFA675-EEBD-46D2-9CE0-7E07EC4D9B71}.Debug|Any CPU.ActiveCfg = Debug|Any CPU
		{DAEFA675-EEBD-46D2-9CE0-7E07EC4D9B71}.Debug|Any CPU.Build.0 = Debug|Any CPU
		{DAEFA675-EEBD-46D2-9CE0-7E07EC4D9B71}.Release|Any CPU.ActiveCfg = Release|Any CPU
		{DAEFA675-EEBD-46D2-9CE0-7E07EC4D9B71}.Release|Any CPU.Build.0 = Release|Any CPU
	EndGlobalSection
	GlobalSection(SolutionProperties) = preSolution
		HideSolutionNode = FALSE
	EndGlobalSection
	GlobalSection(NestedProjects) = preSolution
		{5C17F994-6199-4A61-9F83-68B59D7B0068} = {3FB07223-9825-4707-82FB-C33538A500C8}
		{8ED23B67-769E-44A8-A79A-AF0E54749F0B} = {3FB07223-9825-4707-82FB-C33538A500C8}
		{882220ED-CF3A-4E4A-9128-A9BB25676339} = {8ED23B67-769E-44A8-A79A-AF0E54749F0B}
		{3FDF1708-F598-4624-A261-A92C777BD624} = {8ED23B67-769E-44A8-A79A-AF0E54749F0B}
		{92F32915-2169-47E7-853D-6340CF17154E} = {8ED23B67-769E-44A8-A79A-AF0E54749F0B}
		{374E54AE-C808-4734-849E-9A2DF8C7020D} = {3FB07223-9825-4707-82FB-C33538A500C8}
		{F5CBA957-6307-4387-AD06-E51A5CAB5A30} = {5C17F994-6199-4A61-9F83-68B59D7B0068}
		{DAEFA675-EEBD-46D2-9CE0-7E07EC4D9B71} = {374E54AE-C808-4734-849E-9A2DF8C7020D}
	EndGlobalSection
	GlobalSection(ExtensibilityGlobals) = postSolution
		SolutionGuid = {9132C000-A614-4A8E-A9CB-C38C795FCC77}
	EndGlobalSection
EndGlobal
